
Microsoft Visual Studio Solution File, Format Version 12.00
# Visual Studio 15
VisualStudioVersion = 15.0.28307.757
MinimumVisualStudioVersion = 10.0.40219.1
Project("{FAE04EC0-301F-11D3-BF4B-00C04F79EFBC}") = "WebApplication1", "WebApplication1\WebApplication1.csproj", "{4A695FFA-C72B-46B3-BCF4-87A5CB91E144}"
EndProject
Global
	GlobalSection(SolutionConfigurationPlatforms) = preSolution
		Debug|Any CPU = Debug|Any CPU
		Release|Any CPU = Release|Any CPU
	EndGlobalSection
	GlobalSection(ProjectConfigurationPlatforms) = postSolution
		{4A695FFA-C72B-46B3-BCF4-87A5CB91E144}.Debug|Any CPU.ActiveCfg = Debug|Any CPU
		{4A695FFA-C72B-46B3-BCF4-87A5CB91E144}.Debug|Any CPU.Build.0 = Debug|Any CPU
		{4A695FFA-C72B-46B3-BCF4-87A5CB91E144}.Release|Any CPU.ActiveCfg = Release|Any CPU
		{4A695FFA-C72B-46B3-BCF4-87A5CB91E144}.Release|Any CPU.Build.0 = Release|Any CPU
	EndGlobalSection
	GlobalSection(SolutionProperties) = preSolution
		HideSolutionNode = FALSE
	EndGlobalSection
	GlobalSection(ExtensibilityGlobals) = postSolution
		SolutionGuid = {7F68BC5A-62E5-471A-9297-6FC9CDBB2C50}
	EndGlobalSection
EndGlobal
